
Microsoft Visual Studio Solution File, Format Version 12.00
# Visual Studio 15
VisualStudioVersion = 15.0.27004.2009
MinimumVisualStudioVersion = 10.0.40219.1
Project("{FAE04EC0-301F-11D3-BF4B-00C04F79EFBC}") = "kiet", "kiet\kiet.csproj", "{0E12575A-B7C3-4B5B-9E88-77BA3DC41900}"
EndProject
Global
	GlobalSection(SolutionConfigurationPlatforms) = preSolution
		Debug|Any CPU = Debug|Any CPU
		Release|Any CPU = Release|Any CPU
	EndGlobalSection
	GlobalSection(ProjectConfigurationPlatforms) = postSolution
		{0E12575A-B7C3-4B5B-9E88-77BA3DC41900}.Debug|Any CPU.ActiveCfg = Debug|Any CPU
		{0E12575A-B7C3-4B5B-9E88-77BA3DC41900}.Debug|Any CPU.Build.0 = Debug|Any CPU
		{0E12575A-B7C3-4B5B-9E88-77BA3DC41900}.Release|Any CPU.ActiveCfg = Release|Any CPU
		{0E12575A-B7C3-4B5B-9E88-77BA3DC41900}.Release|Any CPU.Build.0 = Release|Any CPU
	EndGlobalSection
	GlobalSection(SolutionProperties) = preSolution
		HideSolutionNode = FALSE
	EndGlobalSection
	GlobalSection(ExtensibilityGlobals) = postSolution
		SolutionGuid = {B0539226-CBDD-4823-94C2-F17A63C47617}
	EndGlobalSection
EndGlobal
